
Microsoft Visual Studio Solution File, Format Version 12.00
# Visual Studio Version 16
VisualStudioVersion = 16.0.30517.126
MinimumVisualStudioVersion = 10.0.40219.1
Project("{FAE04EC0-301F-11D3-BF4B-00C04F79EFBC}") = "WindowsFormsApp1", "WindowsFormsApp1\WindowsFormsApp1.csproj", "{4960D61D-130D-4322-8E67-CC2A18818C10}"
EndProject
Global
	GlobalSection(SolutionConfigurationPlatforms) = preSolution
		Debug|Any CPU = Debug|Any CPU
		Release|Any CPU = Release|Any CPU
	EndGlobalSection
	GlobalSection(ProjectConfigurationPlatforms) = postSolution
		{4960D61D-130D-4322-8E67-CC2A18818C10}.Debug|Any CPU.ActiveCfg = Debug|Any CPU
		{4960D61D-130D-4322-8E67-CC2A18818C10}.Debug|Any CPU.Build.0 = Debug|Any CPU
		{4960D61D-130D-4322-8E67-CC2A18818C10}.Release|Any CPU.ActiveCfg = Release|Any CPU
		{4960D61D-130D-4322-8E67-CC2A18818C10}.Release|Any CPU.Build.0 = Release|Any CPU
	EndGlobalSection
	GlobalSection(SolutionProperties) = preSolution
		HideSolutionNode = FALSE
	EndGlobalSection
	GlobalSection(ExtensibilityGlobals) = postSolution
		SolutionGuid = {D9716323-BA40-4C68-B990-CD7E7E67BC4F}
	EndGlobalSection
EndGlobal
